
Microsoft Visual Studio Solution File, Format Version 12.00
# Visual Studio Version 17
VisualStudioVersion = 17.9.34728.123
MinimumVisualStudioVersion = 10.0.40219.1
Project("{8BC9CEB8-8B4A-11D0-8D11-00A0C91BC942}") = "Test", "Test\Test.vcxproj", "{E655C6DF-9749-4334-BCB0-3A114D977A4A}"
EndProject
Global
	GlobalSection(SolutionConfigurationPlatforms) = preSolution
		Debug|ARM64 = Debug|ARM64
		Debug|x64 = Debug|x64
		Release|ARM64 = Release|ARM64
		Release|x64 = Release|x64
	EndGlobalSection
	GlobalSection(ProjectConfigurationPlatforms) = postSolution
		{E655C6DF-9749-4334-BCB0-3A114D977A4A}.Debug|ARM64.ActiveCfg = Debug|ARM64
		{E655C6DF-9749-4334-BCB0-3A114D977A4A}.Debug|ARM64.Build.0 = Debug|ARM64
		{E655C6DF-9749-4334-BCB0-3A114D977A4A}.Debug|ARM64.Deploy.0 = Debug|ARM64
		{E655C6DF-9749-4334-BCB0-3A114D977A4A}.Debug|x64.ActiveCfg = Debug|x64
		{E655C6DF-9749-4334-BCB0-3A114D977A4A}.Debug|x64.Build.0 = Debug|x64
		{E655C6DF-9749-4334-BCB0-3A114D977A4A}.Debug|x64.Deploy.0 = Debug|x64
		{E655C6DF-9749-4334-BCB0-3A114D977A4A}.Release|ARM64.ActiveCfg = Release|ARM64
		{E655C6DF-9749-4334-BCB0-3A114D977A4A}.Release|ARM64.Build.0 = Release|ARM64
		{E655C6DF-9749-4334-BCB0-3A114D977A4A}.Release|ARM64.Deploy.0 = Release|ARM64
		{E655C6DF-9749-4334-BCB0-3A114D977A4A}.Release|x64.ActiveCfg = Release|x64
		{E655C6DF-9749-4334-BCB0-3A114D977A4A}.Release|x64.Build.0 = Release|x64
		{E655C6DF-9749-4334-BCB0-3A114D977A4A}.Release|x64.Deploy.0 = Release|x64
	EndGlobalSection
	GlobalSection(SolutionProperties) = preSolution
		HideSolutionNode = FALSE
	EndGlobalSection
	GlobalSection(ExtensibilityGlobals) = postSolution
		SolutionGuid = {53EE3A09-F352-4D55-8772-1B619561D17C}
	EndGlobalSection
EndGlobal
